GIT
  remote: https://github.com/DEFRA/waste-exemptions-engine
  revision: 90d33215c3b59768ea5c26ffe6af4888c0355837
  branch: main
  specs:
    waste_exemptions_engine (0.1.0)
      aasm (~> 5.5)
      activerecord-postgis-adapter (~> 10.0.0)
      defra_ruby_address
      defra_ruby_alert
      defra_ruby_area (~> 2.2)
      defra_ruby_companies_house
      defra_ruby_email
      defra_ruby_govpay
      defra_ruby_validators
      ffi-geos (~> 1.2.0)
      high_voltage (~> 3.1)
      kaminari
      notifications-ruby-client
      os_map_ref (~> 0.5)
      paper_trail (>= 15.2.0)
      pg
      phonelib
      rails (~> 7.2.3.1)
      rest-client (~> 2.1)
      rgeo
      sprockets
      uk_postcode
      validates_email_format_of
      wicked_pdf

GEM
  remote: https://rubygems.org/
  specs:
    aasm (5.5.2)
      concurrent-ruby (~> 1.0)
    actioncable (7.2.3.2)
      actionpack (= 7.2.3.2)
      activesupport (= 7.2.3.2)
      nio4r (~> 2.0)
      websocket-driver (>= 0.6.1)
      zeitwerk (~> 2.6)
    actionmailbox (7.2.3.2)
      actionpack (= 7.2.3.2)
      activejob (= 7.2.3.2)
      activerecord (= 7.2.3.2)
      activestorage (= 7.2.3.2)
      activesupport (= 7.2.3.2)
      mail (>= 2.8.0)
    actionmailer (7.2.3.2)
      actionpack (= 7.2.3.2)
      actionview (= 7.2.3.2)
      activejob (= 7.2.3.2)
      activesupport (= 7.2.3.2)
      mail (>= 2.8.0)
      rails-dom-testing (~> 2.2)
    actionpack (7.2.3.2)
      actionview (= 7.2.3.2)
      activesupport (= 7.2.3.2)
      cgi
      nokogiri (>= 1.8.5)
      racc
      rack (>= 2.2.4, < 3.3)
      rack-session (>= 1.0.1)
      rack-test (>= 0.6.3)
      rails-dom-testing (~> 2.2)
      rails-html-sanitizer (~> 1.6)
      useragent (~> 0.16)
    actiontext (7.2.3.2)
      actionpack (= 7.2.3.2)
      activerecord (= 7.2.3.2)
      activestorage (= 7.2.3.2)
      activesupport (= 7.2.3.2)
      globalid (>= 0.6.0)
      nokogiri (>= 1.8.5)
    actionview (7.2.3.2)
      activesupport (= 7.2.3.2)
      builder (~> 3.1)
      cgi
      erubi (~> 1.11)
      rails-dom-testing (~> 2.2)
      rails-html-sanitizer (~> 1.6)
    activejob (7.2.3.2)
      activesupport (= 7.2.3.2)
      globalid (>= 0.3.6)
    activemodel (7.2.3.2)
      activesupport (= 7.2.3.2)
    activerecord (7.2.3.2)
      activemodel (= 7.2.3.2)
      activesupport (= 7.2.3.2)
      timeout (>= 0.4.0)
    activerecord-postgis-adapter (10.0.3)
      activerecord (~> 7.2)
      rgeo-activerecord (~> 8.0.0)
    activestorage (7.2.3.2)
      actionpack (= 7.2.3.2)
      activejob (= 7.2.3.2)
      activerecord (= 7.2.3.2)
      activesupport (= 7.2.3.2)
      marcel (~> 1.0)
    activesupport (7.2.3.2)
      base64
      benchmark (>= 0.3)
      bigdecimal
      concurrent-ruby (~> 1.0, >= 1.3.1)
      connection_pool (>= 2.2.5)
      drb
      i18n (>= 1.6, < 2)
      logger (>= 1.4.2)
      minitest (>= 5.1, < 6)
      securerandom (>= 0.3)
      tzinfo (~> 2.0, >= 2.0.5)
    addressable (2.9.0)
      public_suffix (>= 2.0.2, < 8.0)
    airbrake (13.0.5)
      airbrake-ruby (~> 6.0)
    airbrake-ruby (6.2.2)
      rbtree3 (~> 0.6)
    ast (2.4.3)
    aws-eventstream (1.4.0)
    aws-partitions (1.1274.0)
    aws-sdk-core (3.254.0)
      aws-eventstream (~> 1, >= 1.3.0)
      aws-partitions (~> 1, >= 1.992.0)
      aws-sigv4 (~> 1.9)
      base64
      bigdecimal
      jmespath (~> 1, >= 1.6.1)
      logger
    aws-sdk-kms (1.130.0)
      aws-sdk-core (~> 3, >= 3.254.0)
      aws-sigv4 (~> 1.5)
    aws-sdk-s3 (1.228.1)
      aws-sdk-core (~> 3, >= 3.254.0)
      aws-sdk-kms (~> 1)
      aws-sigv4 (~> 1.5)
    aws-sigv4 (1.12.1)
      aws-eventstream (~> 1, >= 1.0.2)
    base64 (0.3.0)
    bcrypt (3.1.22)
    benchmark (0.5.0)
    bigdecimal (4.1.2)
    bindex (0.8.1)
    builder (3.3.0)
    bullet (8.1.3)
      activesupport (>= 3.0.0)
      uniform_notifier (~> 1.11)
    byebug (13.0.0)
      reline (>= 0.6.0)
    cancancan (3.6.1)
    capybara (3.40.0)
      addressable
      matrix
      mini_mime (>= 0.1.3)
      nokogiri (~> 1.11)
      rack (>= 1.6.0)
      rack-test (>= 0.6.3)
      regexp_parser (>= 1.5, < 3.0)
      xpath (~> 3.2)
    cgi (0.5.2)
    chronic (0.10.2)
    coderay (1.1.3)
    concurrent-ruby (1.3.8)
    connection_pool (3.0.2)
    crack (1.0.1)
      bigdecimal
      rexml
    crass (1.0.7)
    csv (3.3.6)
    database_cleaner (2.1.0)
      database_cleaner-active_record (>= 2, < 3)
    database_cleaner-active_record (2.2.2)
      activerecord (>= 5.a)
      database_cleaner-core (~> 2.0)
    database_cleaner-core (2.1.0)
    date (3.5.1)
    defra_ruby_address (0.3.0)
      rest-client (~> 2.0)
    defra_ruby_alert (2.2.1)
      airbrake
    defra_ruby_area (2.2.0)
      nokogiri (>= 1.13.2)
      rest-client (~> 2.0)
    defra_ruby_aws (0.6.0)
      aws-sdk-s3
    defra_ruby_companies_house (1.0.3)
      i18n
      rest-client (~> 2.0)
    defra_ruby_email (1.3.0)
      notifications-ruby-client
      rails
      sprockets-rails
    defra_ruby_features (0.2.0)
      cancancan (>= 1.10)
      devise (>= 4.9)
      rails
      sprockets-rails
    defra_ruby_govpay (1.1.0)
      rest-client (~> 2.1)
    defra_ruby_mocks (5.4.0)
      defra_ruby_aws (~> 0.6)
      rails (~> 7.0)
      rest-client (~> 2.0)
      sprockets (~> 4.0)
      sprockets-rails (~> 3.0)
    defra_ruby_style (0.4.1)
    defra_ruby_template (5.11.1)
    defra_ruby_validators (3.1.0)
      activemodel
      defra_ruby_companies_house
      i18n
      matrix
      os_map_ref
      phonelib
      rest-client (~> 2.0)
      uk_postcode
      validates_email_format_of
    devise (5.0.4)
      bcrypt (~> 3.0)
      orm_adapter (~> 0.1)
      railties (>= 7.0)
      responders
      warden (~> 1.2.3)
    devise-security (0.18.0)
      devise (>= 4.3.0)
    devise_invitable (2.0.12)
      actionmailer (>= 5.0)
      devise (>= 4.6)
    diff-lcs (1.6.2)
    docile (1.4.1)
    domain_name (0.6.20240107)
    dotenv (3.2.0)
    dotenv-rails (3.2.0)
      dotenv (= 3.2.0)
      railties (>= 6.1)
    drb (2.2.3)
    erb (6.0.6)
    erubi (1.13.1)
    factory_bot (6.6.0)
      activesupport (>= 6.1.0)
    factory_bot_rails (6.5.1)
      factory_bot (~> 6.5)
      railties (>= 6.1.0)
    faker (3.8.0)
      i18n (>= 1.8.11, < 2)
    faraday (2.14.3)
      faraday-net_http (>= 2.0, < 3.5)
      json
      logger
    faraday-http-cache (2.7.0)
      faraday (>= 0.8)
    faraday-net_http (3.4.4)
      net-http (~> 0.5)
    faraday-retry (2.4.0)
      faraday (~> 2.0)
    ffi (1.17.4-aarch64-linux-gnu)
    ffi (1.17.4-aarch64-linux-musl)
    ffi (1.17.4-arm-linux-gnu)
    ffi (1.17.4-arm-linux-musl)
    ffi (1.17.4-arm64-darwin)
    ffi (1.17.4-x86_64-darwin)
    ffi (1.17.4-x86_64-linux-gnu)
    ffi (1.17.4-x86_64-linux-musl)
    ffi-geos (1.2.2)
      ffi (>= 1.0.0)
    github_changelog_generator (1.15.2)
      activesupport
      faraday-http-cache
      multi_json
      octokit (~> 4.6)
      rainbow (>= 2.2.1)
      rake (>= 10.0)
      retriable (~> 3.0)
    globalid (1.4.0)
      activesupport (>= 6.1)
    govuk_design_system_formbuilder (6.4.0)
      actionview (>= 7.2)
      activemodel (>= 7.2)
      activesupport (>= 7.2)
      html-attributes-utils (~> 1)
    hashdiff (1.2.1)
    high_voltage (3.1.2)
    html-attributes-utils (1.0.2)
      activesupport (>= 6.1.4.4)
    http-accept (1.7.0)
    http-cookie (1.1.6)
      domain_name (~> 0.5)
    i18n (1.15.2)
      concurrent-ruby (~> 1.0)
    io-console (0.8.2)
    irb (1.18.0)
      pp (>= 0.6.0)
      prism (>= 1.3.0)
      rdoc (>= 4.0.0)
      reline (>= 0.4.2)
    jmespath (1.6.2)
    json (2.21.1)
    jwt (3.2.0)
      base64
    kaminari (1.2.2)
      activesupport (>= 4.1.0)
      kaminari-actionview (= 1.2.2)
      kaminari-activerecord (= 1.2.2)
      kaminari-core (= 1.2.2)
    kaminari-actionview (1.2.2)
      actionview
      kaminari-core (= 1.2.2)
    kaminari-activerecord (1.2.2)
      activerecord
      kaminari-core (= 1.2.2)
    kaminari-core (1.2.2)
    kramdown (2.5.2)
      rexml (>= 3.4.4)
    language_server-protocol (3.17.0.6)
    lint_roller (1.1.0)
    logger (1.7.0)
    loofah (2.25.2)
      crass (~> 1.0.2)
      nokogiri (>= 1.12.0)
    mail (2.9.1)
      logger
      mini_mime (>= 0.1.1)
      net-imap
      net-pop
      net-smtp
    marcel (1.2.1)
    matrix (0.4.3)
    method_source (1.1.0)
    mime-types (3.7.0)
      logger
      mime-types-data (~> 3.2025, >= 3.2025.0507)
    mime-types-data (3.2026.0701)
    mini_mime (1.1.5)
    minitest (5.27.0)
    multi_json (1.21.1)
    net-http (0.9.1)
      uri (>= 0.11.1)
    net-imap (0.6.6)
      date
      net-protocol
    net-pop (0.1.2)
      net-protocol
    net-protocol (0.2.2)
      timeout
    net-smtp (0.5.1)
      net-protocol
    netrc (0.11.0)
    nio4r (2.7.5)
    nokogiri (1.19.4-aarch64-linux-gnu)
      racc (~> 1.4)
    nokogiri (1.19.4-aarch64-linux-musl)
      racc (~> 1.4)
    nokogiri (1.19.4-arm-linux-gnu)
      racc (~> 1.4)
    nokogiri (1.19.4-arm-linux-musl)
      racc (~> 1.4)
    nokogiri (1.19.4-arm64-darwin)
      racc (~> 1.4)
    nokogiri (1.19.4-x86_64-darwin)
      racc (~> 1.4)
    nokogiri (1.19.4-x86_64-linux-gnu)
      racc (~> 1.4)
    nokogiri (1.19.4-x86_64-linux-musl)
      racc (~> 1.4)
    notifications-ruby-client (6.4.0)
      jwt (>= 1.5, < 4)
    octokit (4.25.1)
      faraday (>= 1, < 3)
      sawyer (~> 0.9)
    orm_adapter (0.5.0)
    os_map_ref (0.5.0)
    ostruct (0.6.3)
    paper_trail (17.0.0)
      activerecord (>= 7.1)
      request_store (~> 1.4)
    parallel (2.1.0)
    parser (3.3.12.0)
      ast (~> 2.4.1)
      racc
    passenger (6.1.8)
      logger (>= 1.7.0)
      rack (>= 1.6.13)
      rackup (>= 1.0.1)
      rake (>= 12.3.3)
    pg (1.6.3)
    pg (1.6.3-aarch64-linux)
    pg (1.6.3-aarch64-linux-musl)
    pg (1.6.3-arm64-darwin)
    pg (1.6.3-x86_64-darwin)
    pg (1.6.3-x86_64-linux)
    pg (1.6.3-x86_64-linux-musl)
    pgreset (0.4)
    phonelib (0.10.23)
    pp (0.6.4)
      prettyprint
    prettyprint (0.2.0)
    prism (1.9.0)
    pry (0.16.0)
      coderay (~> 1.1)
      method_source (~> 1.0)
      reline (>= 0.6.0)
    pry-byebug (3.12.0)
      byebug (~> 13.0)
      pry (>= 0.13, < 0.17)
    public_suffix (7.0.5)
    racc (1.8.1)
    rack (2.2.23)
    rack-session (1.0.2)
      rack (< 3)
    rack-test (2.2.0)
      rack (>= 1.3)
    rackup (1.0.1)
      rack (< 3)
      webrick
    rails (7.2.3.2)
      actioncable (= 7.2.3.2)
      actionmailbox (= 7.2.3.2)
      actionmailer (= 7.2.3.2)
      actionpack (= 7.2.3.2)
      actiontext (= 7.2.3.2)
      actionview (= 7.2.3.2)
      activejob (= 7.2.3.2)
      activemodel (= 7.2.3.2)
      activerecord (= 7.2.3.2)
      activestorage (= 7.2.3.2)
      activesupport (= 7.2.3.2)
      bundler (>= 1.15.0)
      railties (= 7.2.3.2)
    rails-controller-testing (1.0.5)
      actionpack (>= 5.0.1.rc1)
      actionview (>= 5.0.1.rc1)
      activesupport (>= 5.0.1.rc1)
    rails-dom-testing (2.3.0)
      activesupport (>= 5.0.0)
      minitest
      nokogiri (>= 1.6)
    rails-html-sanitizer (1.7.1)
      loofah (~> 2.25, >= 2.25.2)
      nokogiri (>= 1.15.7, != 1.16.7, != 1.16.6, != 1.16.5, != 1.16.4, != 1.16.3, != 1.16.2, != 1.16.1, != 1.16.0.rc1, != 1.16.0)
    railties (7.2.3.2)
      actionpack (= 7.2.3.2)
      activesupport (= 7.2.3.2)
      cgi
      irb (~> 1.13)
      rackup (>= 1.0.0)
      rake (>= 12.2)
      thor (~> 1.0, >= 1.2.2)
      tsort (>= 0.2)
      zeitwerk (~> 2.6)
    rainbow (3.1.1)
    rake (13.4.2)
    rbs (4.1.0)
      logger
      prism (>= 1.6.0)
      tsort
    rbtree3 (0.7.1)
    rdoc (8.0.0)
      erb
      prism (>= 1.6.0)
      rbs (>= 4.0.0)
      tsort
    regexp_parser (2.12.0)
    reline (0.6.3)
      io-console (~> 0.5)
    request_store (1.7.0)
      rack (>= 1.4)
    responders (3.2.0)
      actionpack (>= 7.0)
      railties (>= 7.0)
    rest-client (2.1.0)
      http-accept (>= 1.7.0, < 2.0)
      http-cookie (>= 1.0.2, < 2.0)
      mime-types (>= 1.16, < 4.0)
      netrc (~> 0.8)
    retriable (3.8.0)
    rexml (3.4.4)
    rgeo (3.1.0)
    rgeo-activerecord (8.0.0)
      activerecord (>= 7.0)
      rgeo (>= 3.0)
    rgeo-geojson (2.2.0)
      multi_json (~> 1.15)
      rgeo (>= 1.0.0)
    rspec-core (3.13.6)
      rspec-support (~> 3.13.0)
    rspec-expectations (3.13.5)
      diff-lcs (>= 1.2.0, < 2.0)
      rspec-support (~> 3.13.0)
    rspec-mocks (3.13.8)
      diff-lcs (>= 1.2.0, < 2.0)
      rspec-support (~> 3.13.0)
    rspec-rails (8.0.4)
      actionpack (>= 7.2)
      activesupport (>= 7.2)
      railties (>= 7.2)
      rspec-core (>= 3.13.0, < 5.0.0)
      rspec-expectations (>= 3.13.0, < 5.0.0)
      rspec-mocks (>= 3.13.0, < 5.0.0)
      rspec-support (>= 3.13.0, < 5.0.0)
    rspec-support (3.13.7)
    rubocop (1.88.2)
      json (~> 2.3)
      language_server-protocol (~> 3.17.0.2)
      lint_roller (~> 1.1.0)
      parallel (>= 1.10)
      parser (>= 3.3.0.2)
      rainbow (>= 2.2.2, < 4.0)
      regexp_parser (>= 2.9.3, < 3.0)
      rubocop-ast (>= 1.49.0, < 2.0)
      ruby-progressbar (~> 1.7)
      unicode-display_width (>= 2.4.0, < 4.0)
    rubocop-ast (1.50.0)
      parser (>= 3.3.7.2)
      prism (~> 1.7)
    rubocop-capybara (3.0.0)
      lint_roller (~> 1.1)
      rubocop (~> 1.81)
    rubocop-factory_bot (2.28.0)
      lint_roller (~> 1.1)
      rubocop (~> 1.72, >= 1.72.1)
    rubocop-rails (2.36.0)
      activesupport (>= 4.2.0)
      lint_roller (~> 1.1)
      rack (>= 1.1)
      rubocop (>= 1.75.0, < 2.0)
      rubocop-ast (>= 1.44.0, < 2.0)
    rubocop-rake (0.7.1)
      lint_roller (~> 1.1)
      rubocop (>= 1.72.1)
    rubocop-rspec (3.10.2)
      lint_roller (~> 1.1)
      regexp_parser (>= 2.0)
      rubocop (~> 1.86, >= 1.86.2)
    rubocop-rspec_rails (2.32.0)
      lint_roller (~> 1.1)
      rubocop (~> 1.72, >= 1.72.1)
      rubocop-rspec (~> 3.5)
    ruby-progressbar (1.13.0)
    rubyzip (2.4.1)
    sassc (2.4.0)
      ffi (~> 1.9)
    sassc-rails (2.1.2)
      railties (>= 4.0.0)
      sassc (>= 2.0)
      sprockets (> 3.0)
      sprockets-rails
      tilt
    sawyer (0.9.3)
      addressable (>= 2.3.5)
      faraday (>= 0.17.3, < 3)
    secure_headers (6.7.0)
    securerandom (0.4.1)
    selenium-webdriver (4.47.0)
      base64 (~> 0.2)
      logger (~> 1.4)
      rexml (~> 3.2, >= 3.2.5)
      rubyzip (>= 1.2.2, < 4.0)
      websocket (~> 1.0)
    simplecov (0.22.0)
      docile (~> 1.1)
      simplecov-html (~> 0.11)
      simplecov_json_formatter (~> 0.1)
    simplecov-html (0.13.2)
    simplecov_json_formatter (0.1.4)
    simpleidn (0.2.3)
    spring (4.7.0)
    spring-commands-rspec (1.0.4)
      spring (>= 0.9.1)
    sprockets (4.2.2)
      concurrent-ruby (~> 1.0)
      logger
      rack (>= 2.2.4, < 4)
    sprockets-rails (3.5.2)
      actionpack (>= 6.1)
      activesupport (>= 6.1)
      sprockets (>= 3.0.0)
    sucker_punch (3.3.0)
      concurrent-ruby (~> 1.0)
    thor (1.5.0)
    tilt (2.8.0)
    timecop (0.9.11)
    timeout (0.6.1)
    tsort (0.2.0)
    turbolinks (5.2.1)
      turbolinks-source (~> 5.2)
    turbolinks-source (5.2.0)
    tzinfo (2.0.6)
      concurrent-ruby (~> 1.0)
    uk_postcode (2.1.8)
    unicode-display_width (3.2.0)
      unicode-emoji (~> 4.1)
    unicode-emoji (4.2.0)
    uniform_notifier (1.18.0)
    uri (1.1.1)
    useragent (0.16.11)
    validates_email_format_of (1.8.2)
      i18n (>= 0.8.0)
      simpleidn
    vcr (6.4.0)
    warden (1.2.9)
      rack (>= 2.0.9)
    web-console (4.2.1)
      actionview (>= 6.0.0)
      activemodel (>= 6.0.0)
      bindex (>= 0.4.0)
      railties (>= 6.0.0)
    webmock (3.26.2)
      addressable (>= 2.8.0)
      crack (>= 0.3.2)
      hashdiff (>= 0.4.0, < 2.0.0)
    webrick (1.9.2)
    websocket (1.2.11)
    websocket-driver (0.8.2)
      base64
      websocket-extensions (>= 0.1.0)
    websocket-extensions (0.1.5)
    whenever (1.1.2)
      chronic (>= 0.6.3)
    whenever-test (1.0.1)
      whenever
    wicked_pdf (2.8.2)
      activesupport
      ostruct
    xpath (3.2.0)
      nokogiri (~> 1.8)
    zeitwerk (2.8.2)

PLATFORMS
  aarch64-linux
  aarch64-linux-gnu
  aarch64-linux-musl
  arm-linux-gnu
  arm-linux-musl
  arm64-darwin
  x86_64-darwin
  x86_64-linux-gnu
  x86_64-linux-musl

DEPENDENCIES
  bullet
  cancancan (~> 3.5)
  capybara
  csv
  database_cleaner
  defra_ruby_aws
  defra_ruby_features (~> 0.2)
  defra_ruby_mocks
  defra_ruby_style
  defra_ruby_template (~> 5.11)
  devise
  devise-security
  devise_invitable
  dotenv-rails
  factory_bot_rails
  faker
  faraday-retry
  github_changelog_generator (~> 1.15.2)
  govuk_design_system_formbuilder
  hashdiff
  kaminari (~> 1.2)
  kramdown
  matrix
  net-imap
  net-pop
  net-smtp
  notifications-ruby-client
  paper_trail
  passenger (~> 6.0, != 6.0.27, != 6.0.23)
  pg
  pgreset
  pry-byebug
  rack (~> 2)
  rails-controller-testing
  rgeo-geojson
  rspec-rails
  rubocop-capybara
  rubocop-factory_bot
  rubocop-rails
  rubocop-rake
  rubocop-rspec
  rubocop-rspec_rails
  rubyzip (< 3.0)
  sassc-rails
  secure_headers (~> 6.5)
  selenium-webdriver
  simplecov (~> 0.22.0)
  spring
  spring-commands-rspec
  sucker_punch (~> 3.2)
  timecop
  turbolinks
  vcr
  waste_exemptions_engine!
  web-console
  webmock
  webrick
  whenever (~> 1.0)
  whenever-test

CHECKSUMS
  aasm (5.5.2) sha256=a3b874b33d9cbb3be4a2c77185c340a07fb46d7cd31911cbc49337e31d12612f
  actioncable (7.2.3.2) sha256=04ffd91519942bae45f443bfc166308e6eb17870870cdfc1ca36bc95273c6b57
  actionmailbox (7.2.3.2) sha256=d19f6e98c5b630c391e14ce1a830f199f249bf3fd6208392f92d232a7a6d8ca5
  actionmailer (7.2.3.2) sha256=45a6c326872867cdb28d2960d236c3c8fa4ff1198e9bc7ece4ddc3810b67b759
  actionpack (7.2.3.2) sha256=c1fbb1c4df0f2473ee064ab1412fc2a44c2c2ef337924c5ba3c7998c8529652b
  actiontext (7.2.3.2) sha256=19ab7e2a07ab976a5456a9aa98b93e1b899a7729b931ca1e9e01a3e8bd33f0b0
  actionview (7.2.3.2) sha256=42bfd966040c93271dfa9f3243d73c40aa0228108696f956e1f287f3b02edc01
  activejob (7.2.3.2) sha256=b83fa070898911823f0c4cb8c0d1d25dabb5d00f18379d5b4fe01b84e173a93a
  activemodel (7.2.3.2) sha256=3777c67cd8dd1560f30387523013dacb370a0a1cf532037410887819e4416927
  activerecord (7.2.3.2) sha256=e62d24ba7e5f820d24ed122eb9225491b0aaa8398778783b400067c3467285c7
  activerecord-postgis-adapter (10.0.3) sha256=1dd39232447c84095c47760dc41d1e43dd540dd294f0bc636209a78548fa8cbd
  activestorage (7.2.3.2) sha256=863cb4b21b83505555be2addb939fefb856ab05f6c6d24bab00d6f1a7e4edbfc
  activesupport (7.2.3.2) sha256=ddc90d11dd88086d78ace03407fe3c2a3f5c8853c3c3046313db5ed823ef3312
  addressable (2.9.0) sha256=7fdf6ac3660f7f4e867a0838be3f6cf722ace541dd97767fa42bc6cfa980c7af
  airbrake (13.0.5) sha256=901f5074c25d5ef77ed87f5bde7a28400a7324f5d7013a8a12d07e0099cc31b6
  airbrake-ruby (6.2.2) sha256=293e34fb36e763e1b6d67ab584cce7c5b6fe9eea1a70c26d8c13c0f5d7de2fbc
  ast (2.4.3) sha256=954615157c1d6a382bc27d690d973195e79db7f55e9765ac7c481c60bdb4d383
  aws-eventstream (1.4.0) sha256=116bf85c436200d1060811e6f5d2d40c88f65448f2125bc77ffce5121e6e183b
  aws-partitions (1.1274.0) sha256=6e555daee7f561541ef7871036e4e943afeabc2eab87186161e5ed08eb083c75
  aws-sdk-core (3.254.0) sha256=ee3e3220b8468a3c9e59daba18e6ec897bf5c7ce8adcc0670cfa2f1f092112fe
  aws-sdk-kms (1.130.0) sha256=a2e83662ca31b77a2a19c9aa2f40a98165a67270c18c718fe1c70d0cbd7cd749
  aws-sdk-s3 (1.228.1) sha256=8865f6c6d068a9713a2aa6fe8107d11b0020a93cd5110b3994526bd9560f553e
  aws-sigv4 (1.12.1) sha256=6973ff95cb0fd0dc58ba26e90e9510a2219525d07620c8babeb70ef831826c00
  base64 (0.3.0) sha256=27337aeabad6ffae05c265c450490628ef3ebd4b67be58257393227588f5a97b
  bcrypt (3.1.22) sha256=1f0072e88c2d705d94aff7f2c5cb02eb3f1ec4b8368671e19112527489f29032
  benchmark (0.5.0) sha256=465df122341aedcb81a2a24b4d3bd19b6c67c1530713fd533f3ff034e419236c
  bigdecimal (4.1.2) sha256=53d217666027eab4280346fba98e7d5b66baaae1b9c3c1c0ffe89d48188a3fbd
  bindex (0.8.1) sha256=7b1ecc9dc539ed8bccfc8cb4d2732046227b09d6f37582ff12e50a5047ceb17e
  builder (3.3.0) sha256=497918d2f9dca528fdca4b88d84e4ef4387256d984b8154e9d5d3fe5a9c8835f
  bullet (8.1.3) sha256=c8163c527324fe1180775be48719875726891622f0a73784658b2992acf3c7cb
  bundler (4.0.13) sha256=19f08be7f27022cf0b89f27da0b044ae075e8270a9ef44ad248a932614e1ca3b
  byebug (13.0.0) sha256=d2263efe751941ca520fa29744b71972d39cbc41839496706f5d9b22e92ae05d
  cancancan (3.6.1) sha256=975c1d5cbf58d5df48a9452a7f61ae3d254608cd87570402f5925a8864c56b62
  capybara (3.40.0) sha256=42dba720578ea1ca65fd7a41d163dd368502c191804558f6e0f71b391054aeef
  cgi (0.5.2) sha256=61ca30298171190fd4fa0d8018e57ada456eae9b7a2b78526debf7f0a0e6f8bb
  chronic (0.10.2) sha256=766f2fcce6ac3cc152249ed0f2b827770d3e517e2e87c5fba7ed74f4889d2dc3
  coderay (1.1.3) sha256=dc530018a4684512f8f38143cd2a096c9f02a1fc2459edcfe534787a7fc77d4b
  concurrent-ruby (1.3.8) sha256=b2f1be836e968ccc78ccfce277ea79c72a88633f22306782c16ff23fb415d1e1
  connection_pool (3.0.2) sha256=33fff5ba71a12d2aa26cb72b1db8bba2a1a01823559fb01d29eb74c286e62e0a
  crack (1.0.1) sha256=ff4a10390cd31d66440b7524eb1841874db86201d5b70032028553130b6d4c7e
  crass (1.0.7) sha256=94868719948664c89ddcaf0a37c65048413dfcb1c869470a5f7a7ceb5390b295
  csv (3.3.6) sha256=aba61e7e507a66f03d45cb1f3c4b6359861c3504038b422962875dce099e4456
  database_cleaner (2.1.0) sha256=1dcba26e3b1576da692fc6bac10136a4744da5bcc293d248aae19640c65d89cd
  database_cleaner-active_record (2.2.2) sha256=88296b9f3088c31f7c0d4fcec10f68e4b71c96698043916de59b04debec10388
  database_cleaner-core (2.1.0) sha256=b2875266d9b26b716e8b669c883e01c5250839f6f2ec56422b5e79aa97fb6927
  date (3.5.1) sha256=750d06384d7b9c15d562c76291407d89e368dda4d4fff957eb94962d325a0dc0
  defra_ruby_address (0.3.0) sha256=c768d2af4f6c37189902c70e483e5f05e00c09be5dcebba46f5ae50ef10d966e
  defra_ruby_alert (2.2.1) sha256=2629373d30f8d120211af413a535c0a2565c1991a719950102e53903ac0ad091
  defra_ruby_area (2.2.0) sha256=697bc2abbfa0a4c6be57a3ad4081b22c5a590f517b95dc3d5a3b4fbbdfcde123
  defra_ruby_aws (0.6.0) sha256=4898afaf2f2dd25d345121d970666fbddd48970342e4a862184f6ec29aaca5ee
  defra_ruby_companies_house (1.0.3) sha256=4e61e44e3939a8865f29d0a7c9ddc84069e474168b0b351e6052b6e0451e1f8a
  defra_ruby_email (1.3.0) sha256=8c253d9ac48eb8efd19bf44ca9b8bbda3d46c9a0426791419c62e3f7e85fb8c6
  defra_ruby_features (0.2.0) sha256=9df436de26729af81dfaa4307ce37f76c02c5c6aab243414acd5b556a1234a81
  defra_ruby_govpay (1.1.0) sha256=aa62ee2a2a9b875f6e0dc611fe6dbe8d2cac6e27be78c66fa7c9d917b2238db2
  defra_ruby_mocks (5.4.0) sha256=eba252dbd0779ee7a79bb700c401a91a531bb8bc2baf093f54957b1c1edcb1ce
  defra_ruby_style (0.4.1) sha256=9d8a273a1c0deb11ce529189182d3b8141ffd6a119c5e08dbe3a10c640fc7815
  defra_ruby_template (5.11.1) sha256=9d8c1d7e765b92651cc8975010cb825fda0284e7a74b7d3f24a121dd1274faf9
  defra_ruby_validators (3.1.0) sha256=6c33f1fed2755fe8e109f746fa5e0e87302eb02ced1ae4da116076cf083787ef
  devise (5.0.4) sha256=d605f2b85854e74e56ee789e2d398702bc2d06e6bcd894717a670a3199c74cc1
  devise-security (0.18.0) sha256=fc06be1624b5151044ff9c5d8e61abdfa7d56eb16bfdaec16a11235d54708513
  devise_invitable (2.0.12) sha256=3ff1cb9dc85b5675e49c733399872916fc0a60b9e8a4c42ac04828d36c114e78
  diff-lcs (1.6.2) sha256=9ae0d2cba7d4df3075fe8cd8602a8604993efc0dfa934cff568969efb1909962
  docile (1.4.1) sha256=96159be799bfa73cdb721b840e9802126e4e03dfc26863db73647204c727f21e
  domain_name (0.6.20240107) sha256=5f693b2215708476517479bf2b3802e49068ad82167bcd2286f899536a17d933
  dotenv (3.2.0) sha256=e375b83121ea7ca4ce20f214740076129ab8514cd81378161f11c03853fe619d
  dotenv-rails (3.2.0) sha256=657e25554ba622ffc95d8c4f1670286510f47f2edda9f68293c3f661b303beab
  drb (2.2.3) sha256=0b00d6fdb50995fe4a45dea13663493c841112e4068656854646f418fda13373
  erb (6.0.6) sha256=a9b24986700f5bf127c4f297c5403c3ca41b83b0a316c0cd09a096b56e644ae5
  erubi (1.13.1) sha256=a082103b0885dbc5ecf1172fede897f9ebdb745a4b97a5e8dc63953db1ee4ad9
  factory_bot (6.6.0) sha256=1fc1b3b5620ec980a6a27aec1b6ec8c250ca82962e970e8a40f93e8d388d4b89
  factory_bot_rails (6.5.1) sha256=d3cc4851eae4dea8a665ec4a4516895045e710554d2b5ac9e68b94d351bc6d68
  faker (3.8.0) sha256=c147b308df73a90f27a4fc84f18d4c22ef0ad9c2a64b2b61c86fd0ca71753efc
  faraday (2.14.3) sha256=1882247e6766615c8220b4392bf1d27f6ebb63d8e28267587cef1fb0bf37f278
  faraday-http-cache (2.7.0) sha256=cd7ac4bbe6c08592ea7af6655f98b2f76c4db0bad31bf40340df5aad719f0d89
  faraday-net_http (3.4.4) sha256=0e78af151747ed1b00f33e25973b4bc220d7f16c00c39676817c8b12331eb588
  faraday-retry (2.4.0) sha256=7b79c48fb7e56526faf247b12d94a680071ff40c9fda7cf1ec1549439ad11ebe
  ffi (1.17.4-aarch64-linux-gnu) sha256=b208f06f91ffd8f5e1193da3cae3d2ccfc27fc36fba577baf698d26d91c080df
  ffi (1.17.4-aarch64-linux-musl) sha256=9286b7a615f2676245283aef0a0a3b475ae3aae2bb5448baace630bb77b91f39
  ffi (1.17.4-arm-linux-gnu) sha256=d6dbddf7cb77bf955411af5f187a65b8cd378cb003c15c05697f5feee1cb1564
  ffi (1.17.4-arm-linux-musl) sha256=9d4838ded0465bef6e2426935f6bcc93134b6616785a84ffd2a3d82bc3cf6f95
  ffi (1.17.4-arm64-darwin) sha256=19071aaf1419251b0a46852abf960e77330a3b334d13a4ab51d58b31a937001b
  ffi (1.17.4-x86_64-darwin) sha256=aa70390523cf3235096cf64962b709b4cfbd5c082a2cb2ae714eb0fe2ccda496
  ffi (1.17.4-x86_64-linux-gnu) sha256=9d3db14c2eae074b382fa9c083fe95aec6e0a1451da249eab096c34002bc752d
  ffi (1.17.4-x86_64-linux-musl) sha256=3fdf9888483de005f8ef8d1cf2d3b20d86626af206cbf780f6a6a12439a9c49e
  ffi-geos (1.2.2) sha256=295ff6294162fa4d7993764cc538f84ce23a1ccc1bdada78c54bf9bb875cbfd8
  github_changelog_generator (1.15.2) sha256=b1faa5f54ddd38140d875ee96a244034c0c578e0714ebde2b7091e98d86ceaff
  globalid (1.4.0) sha256=037f12fbf1d9d7a014d501c2d5c77356fd4ddd96d7a7991d6700bba96706f427
  govuk_design_system_formbuilder (6.4.0) sha256=28f85f8277d0fe941d04eff20b081e321ac9e84a501152f56c6933ffed1201a6
  hashdiff (1.2.1) sha256=9c079dbc513dfc8833ab59c0c2d8f230fa28499cc5efb4b8dd276cf931457cd1
  high_voltage (3.1.2) sha256=7786716114cc21b3754e537818a6d9b2c91aa1126aa77272977d50598e556c2f
  html-attributes-utils (1.0.2) sha256=594e0b37b3dd4e554abe893bee9719896f876675fd08fe534fc2e6e1b4e2538c
  http-accept (1.7.0) sha256=c626860682bfbb3b46462f8c39cd470fd7b0584f61b3cc9df5b2e9eb9972a126
  http-cookie (1.1.6) sha256=ba4b82be64de61dc281243dac70e3c382c45142f20268ed9276a3670c93feaa9
  i18n (1.15.2) sha256=00f9eb62412fe593b2a65a97daa75300d37abb8f7202ec748e94b6d46a9dd1b5
  io-console (0.8.2) sha256=d6e3ae7a7cc7574f4b8893b4fca2162e57a825b223a177b7afa236c5ef9814cc
  irb (1.18.0) sha256=de9454a0703a54704b9811a5ef31a60c86949fbf4013fcf244fabc7c775248e3
  jmespath (1.6.2) sha256=238d774a58723d6c090494c8879b5e9918c19485f7e840f2c1c7532cf84ebcb1
  json (2.21.1) sha256=13a43df75d95641443f5702dff350f237164a9d811ff0f2c2800d4d980220583
  jwt (3.2.0) sha256=5419b1fe37b1da0982bd07051f573a8b8789ab724c2aa7e785e4784a3ed217d7
  kaminari (1.2.2) sha256=c4076ff9adccc6109408333f87b5c4abbda5e39dc464bd4c66d06d9f73442a3e
  kaminari-actionview (1.2.2) sha256=1330f6fc8b59a4a4ef6a549ff8a224797289ebf7a3a503e8c1652535287cc909
  kaminari-activerecord (1.2.2) sha256=0dd3a67bab356a356f36b3b7236bcb81cef313095365befe8e98057dd2472430
  kaminari-core (1.2.2) sha256=3bd26fec7370645af40ca73b9426a448d09b8a8ba7afa9ba3c3e0d39cdbb83ff
  kramdown (2.5.2) sha256=1ba542204c66b6f9111ff00dcc26075b95b220b07f2905d8261740c82f7f02fa
  language_server-protocol (3.17.0.6) sha256=5ef2c0c138f8267e1bc631d3328347d354f96724b0af22f2c79516120443b7f0
  lint_roller (1.1.0) sha256=2c0c845b632a7d172cb849cc90c1bce937a28c5c8ccccb50dfd46a485003cc87
  logger (1.7.0) sha256=196edec7cc44b66cfb40f9755ce11b392f21f7967696af15d274dde7edff0203
  loofah (2.25.2) sha256=2007f746959ac65552456e04b433e83deb22759ab38c838b4445c70e43425918
  mail (2.9.1) sha256=06574eca475253d6c18145dd70af80d0eb970182d55053497c5f4d797ea160e8
  marcel (1.2.1) sha256=1678e9360e32f9eafa917c80029e2f6d10b2715c66a4b87b6d0da9b9cd1f859f
  matrix (0.4.3) sha256=a0d5ab7ddcc1973ff690ab361b67f359acbb16958d1dc072b8b956a286564c5b
  method_source (1.1.0) sha256=181301c9c45b731b4769bc81e8860e72f9161ad7d66dd99103c9ab84f560f5c5
  mime-types (3.7.0) sha256=dcebf61c246f08e15a4de34e386ebe8233791e868564a470c3fe77c00eed5e56
  mime-types-data (3.2026.0701) sha256=cd8811e1fb89d836499ba0582368a10ee74cef929ba956d1d5ddca045e6a730f
  mini_mime (1.1.5) sha256=8681b7e2e4215f2a159f9400b5816d85e9d8c6c6b491e96a12797e798f8bccef
  minitest (5.27.0) sha256=2d3b17f8a36fe7801c1adcffdbc38233b938eb0b4966e97a6739055a45fa77d5
  multi_json (1.21.1) sha256=e6126a31808e3b4d19f483c775ceac34df190dffa62adfb63a165ee14ba68080
  net-http (0.9.1) sha256=25ba0b67c63e89df626ed8fac771d0ad24ad151a858af2cc8e6a716ca4336996
  net-imap (0.6.6) sha256=96aa4ee50df3060203e649efc341f53480b791d49e150f2fdebf68beb141a8df
  net-pop (0.1.2) sha256=848b4e982013c15b2f0382792268763b748cce91c9e91e36b0f27ed26420dff3
  net-protocol (0.2.2) sha256=aa73e0cba6a125369de9837b8d8ef82a61849360eba0521900e2c3713aa162a8
  net-smtp (0.5.1) sha256=ed96a0af63c524fceb4b29b0d352195c30d82dd916a42f03c62a3a70e5b70736
  netrc (0.11.0) sha256=de1ce33da8c99ab1d97871726cba75151113f117146becbe45aa85cb3dabee3f
  nio4r (2.7.5) sha256=6c90168e48fb5f8e768419c93abb94ba2b892a1d0602cb06eef16d8b7df1dca1
  nokogiri (1.19.4-aarch64-linux-gnu) sha256=1269fb644a6de405057a53dd5c762b1209b43ca7424f839454d3dbc677c31a8f
  nokogiri (1.19.4-aarch64-linux-musl) sha256=35c65b9ce72b3bb03207bdbe7067915019dc18c1b9b59139684bd6690fdd01af
  nokogiri (1.19.4-arm-linux-gnu) sha256=a301313e38bb065d68239e79734bcd6f56fb6efaacebde29e9abf2a4735340ca
  nokogiri (1.19.4-arm-linux-musl) sha256=588923c101bcfa78869734d247d25b598674323e7f22474fc468f6e5647311eb
  nokogiri (1.19.4-arm64-darwin) sha256=a46db9853286e6597b36ebc6953817d15acf3a299583eb3f89fdc6f91dd63527
  nokogiri (1.19.4-x86_64-darwin) sha256=7fd17057d3e1f00e9954a74b3cd76595d3d4a5ef233b7ed9599047c204f70551
  nokogiri (1.19.4-x86_64-linux-gnu) sha256=379fae440b28915e3f19d752ce2dcf8465ed2b2fbefd2a7ca0dd497bc981a06a
  nokogiri (1.19.4-x86_64-linux-musl) sha256=17dfb7c1fa194ae02fbf7c51a7afc8d278045ab3fdacfd86f91d02d7b274470b
  notifications-ruby-client (6.4.0) sha256=1aff01a7990d6c2b8a261c144e1d65143372da4674f73dd37409ca287dcc2822
  octokit (4.25.1) sha256=c02092ee82dcdfe84db0e0ea630a70d32becc54245a4f0bacfd21c010df09b96
  orm_adapter (0.5.0) sha256=aa5d0be5d540cbb46d3a93e88061f4ece6a25f6e97d6a47122beb84fe595e9b9
  os_map_ref (0.5.0) sha256=a69f332ce77e690b3545d1c06f42cc4a51b5b44a54e908e1aca30f37c1c74df8
  ostruct (0.6.3) sha256=95a2ed4a4bd1d190784e666b47b2d3f078e4a9efda2fccf18f84ddc6538ed912
  paper_trail (17.0.0) sha256=1c2842061d3874ca7015908e821e2aa14f9b982af2acb2a7974713bf79021c85
  parallel (2.1.0) sha256=b35258865c2e31134c5ecb708beaaf6772adf9d5efae28e93e99260877b09356
  parser (3.3.12.0) sha256=21a6d7f755d5a24dfbdc6e6b772e4e879a52e7631a88bc5a3a134606052c9828
  passenger (6.1.8) sha256=01e9b5173048aceb1dcfaeea92bbc7f90ef045ca4240fe98ed2bcddbb6a67a1f
  pg (1.6.3) sha256=1388d0563e13d2758c1089e35e973a3249e955c659592d10e5b77c468f628a99
  pg (1.6.3-aarch64-linux) sha256=0698ad563e02383c27510b76bf7d4cd2de19cd1d16a5013f375dd473e4be72ea
  pg (1.6.3-aarch64-linux-musl) sha256=06a75f4ea04b05140146f2a10550b8e0d9f006a79cdaf8b5b130cde40e3ecc2c
  pg (1.6.3-arm64-darwin) sha256=7240330b572e6355d7c75a7de535edb5dfcbd6295d9c7777df4d9dddfb8c0e5f
  pg (1.6.3-x86_64-darwin) sha256=ee2e04a17c0627225054ffeb43e31a95be9d7e93abda2737ea3ce4a62f2729d6
  pg (1.6.3-x86_64-linux) sha256=5d9e188c8f7a0295d162b7b88a768d8452a899977d44f3274d1946d67920ae8d
  pg (1.6.3-x86_64-linux-musl) sha256=9c9c90d98c72f78eb04c0f55e9618fe55d1512128e411035fe229ff427864009
  pgreset (0.4) sha256=2115e10927554b91554e6077224ba0d0f1af44feeff18b2d7a246c10feea4c31
  phonelib (0.10.23) sha256=a3bb88e3e5b1e51d7f6d7e58e3d97aebb792df8c2e174565770561eed50d340f
  pp (0.6.4) sha256=dfcb0fce700c41456265922884f9fe195d7fbb0674a3578e6c0f69588e82b570
  prettyprint (0.2.0) sha256=2bc9e15581a94742064a3cc8b0fb9d45aae3d03a1baa6ef80922627a0766f193
  prism (1.9.0) sha256=7b530c6a9f92c24300014919c9dcbc055bf4cdf51ec30aed099b06cd6674ef85
  pry (0.16.0) sha256=d76c69065698ed1f85e717bd33d7942c38a50868f6b0673c636192b3d1b6054e
  pry-byebug (3.12.0) sha256=594e094ae8a8390a7ad4c7b36ae36e13304ed02664c67417d108dc5f7213d1b7
  public_suffix (7.0.5) sha256=1a8bb08f1bbea19228d3bed6e5ed908d1cb4f7c2726d18bd9cadf60bc676f623
  racc (1.8.1) sha256=4a7f6929691dbec8b5209a0b373bc2614882b55fc5d2e447a21aaa691303d62f
  rack (2.2.23) sha256=a8fe9d7e07064770b8ec123663fded8a59ef7e2b6db5cda7173d45a5718ab69c
  rack-session (1.0.2) sha256=a02115e5420b4de036839b9811e3f7967d73446a554b42aa45106af335851d76
  rack-test (2.2.0) sha256=005a36692c306ac0b4a9350355ee080fd09ddef1148a5f8b2ac636c720f5c463
  rackup (1.0.1) sha256=ba86604a28989fe1043bff20d819b360944ca08156406812dca6742b24b3c249
  rails (7.2.3.2) sha256=279290679f9005b0f79514f953a2af613f95de7baa94cbd87744c09122c1113c
  rails-controller-testing (1.0.5) sha256=741448db59366073e86fc965ba403f881c636b79a2c39a48d0486f2607182e94
  rails-dom-testing (2.3.0) sha256=8acc7953a7b911ca44588bf08737bc16719f431a1cc3091a292bca7317925c1d
  rails-html-sanitizer (1.7.1) sha256=e797a7c9b01e567307e317c576b49ab4168017e63eea4dba9ce3cb587e2f22c2
  railties (7.2.3.2) sha256=f626c6dfcc00a9f85b139619cfac4a648934c93e36fe5b9242184b9f45ffc29e
  rainbow (3.1.1) sha256=039491aa3a89f42efa1d6dec2fc4e62ede96eb6acd95e52f1ad581182b79bc6a
  rake (13.4.2) sha256=cb825b2bd5f1f8e91ca37bddb4b9aaf345551b4731da62949be002fa89283701
  rbs (4.1.0) sha256=8baba59008b0643b4ba2090e9b1d0149655b0bbd42eb2ffe42b1d0eb6923fd72
  rbtree3 (0.7.1) sha256=ab60ead728a5491b70df4f4065e180b18dbab5319f817ce1dbf5dd906f26d8ba
  rdoc (8.0.0) sha256=03bf8c08a9639658855a0cfd77c0abca8325c227693f7f33f82957811348c469
  regexp_parser (2.12.0) sha256=35a916a1d63190ab5c9009457136ae5f3c0c7512d60291d0d1378ba18ce08ebb
  reline (0.6.3) sha256=1198b04973565b36ec0f11542ab3f5cfeeec34823f4e54cebde90968092b1835
  request_store (1.7.0) sha256=e1b75d5346a315f452242a68c937ef8e48b215b9453a77a6c0acdca2934c88cb
  responders (3.2.0) sha256=89c2d6ac0ae16f6458a11524cae4a8efdceba1a3baea164d28ee9046bd3df55a
  rest-client (2.1.0) sha256=35a6400bdb14fae28596618e312776c158f7ebbb0ccad752ff4fa142bf2747e3
  retriable (3.8.0) sha256=9f2f1b0207594c7817f17f671587b8ec7587387ac6cebda6c941a802bb98a8e5
  rexml (3.4.4) sha256=19e0a2c3425dfbf2d4fc1189747bdb2f849b6c5e74180401b15734bc97b5d142
  rgeo (3.1.0) sha256=89c1804894b35acf65891e1f24e15bbf2fbd972d4183e63c444bb97c1ccaf5d5
  rgeo-activerecord (8.0.0) sha256=c8a22f8dc568b875a734b5288d1dbad12ff846cd63a9a2e6b09decaac4ff3094
  rgeo-geojson (2.2.0) sha256=ceed2ce1bd4c43efe9fcc494c6fec8708ec1438073425e5805d2c27fb671b210
  rspec-core (3.13.6) sha256=a8823c6411667b60a8bca135364351dda34cd55e44ff94c4be4633b37d828b2d
  rspec-expectations (3.13.5) sha256=33a4d3a1d95060aea4c94e9f237030a8f9eae5615e9bd85718fe3a09e4b58836
  rspec-mocks (3.13.8) sha256=086ad3d3d17533f4237643de0b5c42f04b66348c28bf6b9c2d3f4a3b01af1d47
  rspec-rails (8.0.4) sha256=06235692fc0892683d3d34977e081db867434b3a24ae0dd0c6f3516bad4e22df
  rspec-support (3.13.7) sha256=0640e5570872aafefd79867901deeeeb40b0c9875a36b983d85f54fb7381c47c
  rubocop (1.88.2) sha256=8def251c90cd955feb4daa3edc0ab56893250c4ce90ef81e6c80c03f9a939bbf
  rubocop-ast (1.50.0) sha256=b9ca88300da0803ee222ad20cdb30494c0a784eed06fdc35d254b06d662788db
  rubocop-capybara (3.0.0) sha256=7a64655238acda7f8f3c87e37ac825a64c615a79c17c253f1a28270dc3768c4b
  rubocop-factory_bot (2.28.0) sha256=4b17fc02124444173317e131759d195b0d762844a71a29fe8139c1105d92f0cb
  rubocop-rails (2.36.0) sha256=105a5f5b0001ff2ef28a3af90da50862464e0775e8d0016d599079c0ca408bdb
  rubocop-rake (0.7.1) sha256=3797f2b6810c3e9df7376c26d5f44f3475eda59eb1adc38e6f62ecf027cbae4d
  rubocop-rspec (3.10.2) sha256=0b3e2ecc592cd10ecbf0095bb58d1e357905276e069643523cc19eb7495f65e2
  rubocop-rspec_rails (2.32.0) sha256=4a0d641c72f6ebb957534f539d9d0a62c47abd8ce0d0aeee1ef4701e892a9100
  ruby-progressbar (1.13.0) sha256=80fc9c47a9b640d6834e0dc7b3c94c9df37f08cb072b7761e4a71e22cff29b33
  rubyzip (2.4.1) sha256=8577c88edc1fde8935eb91064c5cb1aef9ad5494b940cf19c775ee833e075615
  sassc (2.4.0) sha256=4c60a2b0a3b36685c83b80d5789401c2f678c1652e3288315a1551d811d9f83e
  sassc-rails (2.1.2) sha256=5f4fdf3881fc9bdc8e856ffbd9850d70a2878866feae8114aa45996179952db5
  sawyer (0.9.3) sha256=0d0f19298408047037638639fe62f4794483fb04320269169bd41af2bdcf5e41
  secure_headers (6.7.0) sha256=079ae410ba3e15d1ec42fc5f94954f2e0a1d9f008f469187ff09b20eb8acb982
  securerandom (0.4.1) sha256=cc5193d414a4341b6e225f0cb4446aceca8e50d5e1888743fac16987638ea0b1
  selenium-webdriver (4.47.0) sha256=67f915b8223d2133bbaa13e92fd98854175394f086e2036a9eff4f5561fd69e4
  simplecov (0.22.0) sha256=fe2622c7834ff23b98066bb0a854284b2729a569ac659f82621fc22ef36213a5
  simplecov-html (0.13.2) sha256=bd0b8e54e7c2d7685927e8d6286466359b6f16b18cb0df47b508e8d73c777246
  simplecov_json_formatter (0.1.4) sha256=529418fbe8de1713ac2b2d612aa3daa56d316975d307244399fa4838c601b428
  simpleidn (0.2.3) sha256=08ce96f03fa1605286be22651ba0fc9c0b2d6272c9b27a260bc88be05b0d2c29
  spring (4.7.0) sha256=f81bf6d41f05518ed5d0128ce5c75fb6dd9c6153f158129c8b85c4461ca0b72c
  spring-commands-rspec (1.0.4) sha256=6202e54fa4767452e3641461a83347645af478bf45dddcca9737b43af0dd1a2c
  sprockets (4.2.2) sha256=761e5a49f1c288704763f73139763564c845a8f856d52fba013458f8af1b59b1
  sprockets-rails (3.5.2) sha256=a9e88e6ce9f8c912d349aa5401509165ec42326baf9e942a85de4b76dbc4119e
  sucker_punch (3.3.0) sha256=ad70e6663daae1f646cc92843a7fc74a2f2f172896cdbd5e9852c99e21a9dca2
  thor (1.5.0) sha256=e3a9e55fe857e44859ce104a84675ab6e8cd59c650a49106a05f55f136425e73
  tilt (2.8.0) sha256=ba472eb2716fe1e04112d6d219a9dae938ec09a6a1e2ad3ecc7922e79bde3721
  timecop (0.9.11) sha256=41284dc6e5041f2184f781ace766f942108c842f8d8c1386a26e6343decc7542
  timeout (0.6.1) sha256=78f57368a7e7bbadec56971f78a3f5ecbcfb59b7fcbb0a3ed6ddc08a5094accb
  tsort (0.2.0) sha256=9650a793f6859a43b6641671278f79cfead60ac714148aabe4e3f0060480089f
  turbolinks (5.2.1) sha256=5fea5889c4e2a78a5bd9abda3860c565342b50c6e2593697d5558a08e15cce9c
  turbolinks-source (5.2.0) sha256=362a41fa851a22b0f15cf8f944b6c7c5788f645dc1f61ae25478bb25c3bc85d4
  tzinfo (2.0.6) sha256=8daf828cc77bcf7d63b0e3bdb6caa47e2272dcfaf4fbfe46f8c3a9df087a829b
  uk_postcode (2.1.8) sha256=470ad343a86a9a8103cfa53e0d1c2e5d6dff09cba5894a33493c547889df0162
  unicode-display_width (3.2.0) sha256=0cdd96b5681a5949cdbc2c55e7b420facae74c4aaf9a9815eee1087cb1853c42
  unicode-emoji (4.2.0) sha256=519e69150f75652e40bf736106cfbc8f0f73aa3fb6a65afe62fefa7f80b0f80f
  uniform_notifier (1.18.0) sha256=4787785556f66f6418486da0f1d78b3239aaff98e2e7938fb05e2062b0ffce9d
  uri (1.1.1) sha256=379fa58d27ffb1387eaada68c749d1426738bd0f654d812fcc07e7568f5c57c6
  useragent (0.16.11) sha256=700e6413ad4bb954bb63547fa098dddf7b0ebe75b40cc6f93b8d54255b173844
  validates_email_format_of (1.8.2) sha256=e2dfcf3e933547d06c41dacf066c7b07614819439c8780c3a2521ce047052577
  vcr (6.4.0) sha256=077ac92cc16efc5904eb90492a18153b5e6ca5398046d8a249a7c96a9ea24ae6
  warden (1.2.9) sha256=46684f885d35a69dbb883deabf85a222c8e427a957804719e143005df7a1efd0
  waste_exemptions_engine (0.1.0)
  web-console (4.2.1) sha256=e7bcf37a10ea2b4ec4281649d1cee461b32232d0a447e82c786e6841fd22fe20
  webmock (3.26.2) sha256=774556f2ea6371846cca68c01769b2eac0d134492d21f6d0ab5dd643965a4c90
  webrick (1.9.2) sha256=beb4a15fc474defed24a3bda4ffd88a490d517c9e4e6118c3edce59e45864131
  websocket (1.2.11) sha256=b7e7a74e2410b5e85c25858b26b3322f29161e300935f70a0e0d3c35e0462737
  websocket-driver (0.8.2) sha256=97c556b019bf3410b4961002ac501621e9322d3f8a7bc02161a09301cc4c4146
  websocket-extensions (0.1.5) sha256=1c6ba63092cda343eb53fc657110c71c754c56484aad42578495227d717a8241
  whenever (1.1.2) sha256=af139a25cf6b5c7d2122686724c0b9a4a7495135a1f79a404e29f4cce48abd83
  whenever-test (1.0.1) sha256=ab4be9d79547b50c1cd9881aef1dcb6cd2636b5d773d5beb45caf6da730a3fb6
  wicked_pdf (2.8.2) sha256=648d9b0cec5a34adbc9bbf809731052a78119e2d6d323b9e4aa1383e1d683824
  xpath (3.2.0) sha256=6dfda79d91bb3b949b947ecc5919f042ef2f399b904013eb3ef6d20dd3a4082e
  zeitwerk (2.8.2) sha256=7212a61311083c604184b1ea2574b9aa05cd14f855a0841c06985cabe9181d12

RUBY VERSION
  ruby 3.4.6

BUNDLED WITH
  4.0.13
